
Microsoft Visual Studio Solution File, Format Version 12.00
# Visual Studio Version 16
VisualStudioVersion = 16.0.30907.101
MinimumVisualStudioVersion = 10.0.40219.1
Project("{FAE04EC0-301F-11D3-BF4B-00C04F79EFBC}") = "University.Web", "University.Web\University.Web.csproj", "{A09BAA47-E1FE-4154-BADC-10B26D578F34}"
EndProject
Project("{FAE04EC0-301F-11D3-BF4B-00C04F79EFBC}") = "University.BL", "University.BL\University.BL.csproj", "{8FBD89F7-D307-4C6A-8050-3903FCDA856B}"
EndProject
Global
	GlobalSection(SolutionConfigurationPlatforms) = preSolution
		Debug|Any CPU = Debug|Any CPU
		Release|Any CPU = Release|Any CPU
	EndGlobalSection
	GlobalSection(ProjectConfigurationPlatforms) = postSolution
		{A09BAA47-E1FE-4154-BADC-10B26D578F34}.Debug|Any CPU.ActiveCfg = Debug|Any CPU
		{A09BAA47-E1FE-4154-BADC-10B26D578F34}.Debug|Any CPU.Build.0 = Debug|Any CPU
		{A09BAA47-E1FE-4154-BADC-10B26D578F34}.Release|Any CPU.ActiveCfg = Release|Any CPU
		{A09BAA47-E1FE-4154-BADC-10B26D578F34}.Release|Any CPU.Build.0 = Release|Any CPU
		{8FBD89F7-D307-4C6A-8050-3903FCDA856B}.Debug|Any CPU.ActiveCfg = Debug|Any CPU
		{8FBD89F7-D307-4C6A-8050-3903FCDA856B}.Debug|Any CPU.Build.0 = Debug|Any CPU
		{8FBD89F7-D307-4C6A-8050-3903FCDA856B}.Release|Any CPU.ActiveCfg = Release|Any CPU
		{8FBD89F7-D307-4C6A-8050-3903FCDA856B}.Release|Any CPU.Build.0 = Release|Any CPU
	EndGlobalSection
	GlobalSection(SolutionProperties) = preSolution
		HideSolutionNode = FALSE
	EndGlobalSection
	GlobalSection(ExtensibilityGlobals) = postSolution
		SolutionGuid = {28A320DE-D9E5-4CB2-9A56-A2F94FB5C50B}
	EndGlobalSection
EndGlobal
